{
  "requires": true,
  "lockfileVersion": 1,
  "dependencies": {
    "@interactjs/actions": {
      "version": "1.4.0-rc.13",
      "resolved": "https://registry.npmjs.org/@interactjs/actions/-/actions-1.4.0-rc.13.tgz",
      "integrity": "sha512-J77v2qpqWxGVeEuGeqemaOO+iaTHXA0YCvXl5tBm/rtRBVe/Zw8OdsHq9qQ/5rr7EtZJ/V49Z6eUvF1lhmIuow=="
    },
    "@interactjs/auto-scroll": {
      "version": "1.4.0-rc.13",
      "resolved": "https://registry.npmjs.org/@interactjs/auto-scroll/-/auto-scroll-1.4.0-rc.13.tgz",
      "integrity": "sha512-E5EUqNhCQLtUThHe0fvhp/d+rMMsGL004ipgm3sESctS1xQJIEF6weSsN3IcS69QIr2HglrmKnKhRMRHMHRfUQ=="
    },
    "@interactjs/auto-start": {
      "version": "1.4.0-rc.13",
      "resolved": "https://registry.npmjs.org/@interactjs/auto-start/-/auto-start-1.4.0-rc.13.tgz",
      "integrity": "sha512-cntlXSLVaYaAzmW0eK4tayrDPWipBthzMhvS6j5ThQeev9ylDknrIb1oQTlmrcfKKZT+sTDM2Zk2imJTUdGaOA=="
    },
    "@interactjs/core": {
      "version": "1.4.0-rc.13",
      "resolved": "https://registry.npmjs.org/@interactjs/core/-/core-1.4.0-rc.13.tgz",
      "integrity": "sha512-20KXSSTABWuxLGy/cgxSJrf5mWx+KwlBlMhafjMPF+/T/891lSYaOCzhvmEDU8Fj9zDXYziO7JtDxPcUeDQVvA=="
    },
    "@interactjs/dev-tools": {
      "version": "1.4.0-rc.13",
      "resolved": "https://registry.npmjs.org/@interactjs/dev-tools/-/dev-tools-1.4.0-rc.13.tgz",
      "integrity": "sha512-xlSXamutJRkci30OGkLnG+prHJ6dGO7gkJOo3+GbZbkzQ5ssQBGvgmV8F8CTMIisyVLYKZyP6gAKfaHt7OUnbQ==",
      "requires": {
        "@interactjs/utils": "1.4.0-rc.13"
      }
    },
    "@interactjs/inertia": {
      "version": "1.4.0-rc.13",
      "resolved": "https://registry.npmjs.org/@interactjs/inertia/-/inertia-1.4.0-rc.13.tgz",
      "integrity": "sha512-6WsB0WtRSFv1xQOenXhpHPub77ADLPCjeGmXkf4RdI9YJ8UgrY7sXT53PzIJPqVoTi5in7x3KHOZLiviBBE7uw=="
    },
    "@interactjs/interact": {
      "version": "1.4.0-rc.13",
      "resolved": "https://registry.npmjs.org/@interactjs/interact/-/interact-1.4.0-rc.13.tgz",
      "integrity": "sha512-fwlj9TfqWYHHQufuyRjG9Lx4zJBSZsblgtVyU63UrYsvRz+lgtommow/+zyAMbmDG+7gWRAk76MTqeZQiyQ68A=="
    },
    "@interactjs/modifiers": {
      "version": "1.4.0-rc.13",
      "resolved": "https://registry.npmjs.org/@interactjs/modifiers/-/modifiers-1.4.0-rc.13.tgz",
      "integrity": "sha512-ukpgvkngiYLvwXglwH3kNsPhPhjK+dBYsP6mjAQmFNrdntLsvMCAVgyD6eIfw8ZDoheZhTO/i7blsbWxRk8Uwg=="
    },
    "@interactjs/pointer-events": {
      "version": "1.4.0-rc.13",
      "resolved": "https://registry.npmjs.org/@interactjs/pointer-events/-/pointer-events-1.4.0-rc.13.tgz",
      "integrity": "sha512-sUhgANP3I2So6N5E3Ic2iAUdjtyQaz4eWCquptOXSMXLCh9Mjhsr1l3HDioM80WfRGHfQ5bnSfWYljmpgptOjw=="
    },
    "@interactjs/reflow": {
      "version": "1.4.0-rc.13",
      "resolved": "https://registry.npmjs.org/@interactjs/reflow/-/reflow-1.4.0-rc.13.tgz",
      "integrity": "sha512-wjUAqb7ecs1Div0ddJylQiTcbbyPyRvjsHcgDSEZEbpRUgPoz37/iaJTCYcri9DtNXxHlxqnUUec6XOnp5UE3w=="
    },
    "@interactjs/types": {
      "version": "1.4.0-rc.13",
      "resolved": "https://registry.npmjs.org/@interactjs/types/-/types-1.4.0-rc.13.tgz",
      "integrity": "sha512-eY+qLENUpr6w6tWNhS7UZoObTCtsLR7mWs4idKFJIjVYXfMHI1QtYggMQegwR8s9c/rjucAewNPQniW2PCHcZQ==",
      "requires": {
        "@interactjs/actions": "1.4.0-rc.13",
        "@interactjs/auto-scroll": "1.4.0-rc.13",
        "@interactjs/auto-start": "1.4.0-rc.13",
        "@interactjs/core": "1.4.0-rc.13",
        "@interactjs/dev-tools": "1.4.0-rc.13",
        "@interactjs/inertia": "1.4.0-rc.13",
        "@interactjs/interact": "1.4.0-rc.13",
        "@interactjs/modifiers": "1.4.0-rc.13",
        "@interactjs/pointer-events": "1.4.0-rc.13",
        "@interactjs/reflow": "1.4.0-rc.13",
        "@interactjs/utils": "1.4.0-rc.13"
      }
    },
    "@interactjs/utils": {
      "version": "1.4.0-rc.13",
      "resolved": "https://registry.npmjs.org/@interactjs/utils/-/utils-1.4.0-rc.13.tgz",
      "integrity": "sha512-DESdRXeb0KaaHqkzYoXLD/sHqcJWRS92Fz/XXNG3L7gH9IqsYOJf4H/IhA0Cir4GPjDhOKCrtEjLUjRBhiw8mQ=="
    },
    "interactjs": {
      "version": "1.4.0-rc.13",
      "resolved": "https://registry.npmjs.org/interactjs/-/interactjs-1.4.0-rc.13.tgz",
      "integrity": "sha512-DeICpTj9XDChQE9xFpuqxmTAucUANieYY3qyi1t6mfUddfkF5K0SdEZsZyRY3oH4FMuTSXDUDbSPOMUX9cy7wg==",
      "requires": {
        "@interactjs/types": "1.4.0-rc.13"
      }
    }
  }
}
